{
  "name": "data-getter",
  "version": "1.0.0",
  "lockfileVersion": 2,
  "requires": true,
  "packages": {
    "": {
      "name": "data-getter",
      "version": "1.0.0",
      "license": "ISC",
      "dependencies": {
        "form-parser": "git+ssh://git@github.com:pczero91/form-parser.git"
      },
      "devDependencies": {
        "@types/node": "^18.7.7"
      }
    },
    "node_modules/@types/node": {
      "version": "18.7.7",
      "resolved": "https://registry.npmjs.org/@types/node/-/node-18.7.7.tgz",
      "integrity": "sha512-sTKYCtQmaUpsAT+AbUTKg0Ya0dYyh20t3TBQebWrGXQHFmkrEyeedok2/IpTthlJopPSbUoc1hAKoK6UeFRCZw==",
      "dev": true
    },
    "node_modules/form-parser": {
      "version": "1.0.0",
      "resolved": "git+ssh://git@github.com/pczero91/form-parser.git#0f8dbb5d9a9fb1178c73d67a919e8fe25746f4e9",
      "license": "ISC"
    }
  },
  "dependencies": {
    "@types/node": {
      "version": "18.7.7",
      "resolved": "https://registry.npmjs.org/@types/node/-/node-18.7.7.tgz",
      "integrity": "sha512-sTKYCtQmaUpsAT+AbUTKg0Ya0dYyh20t3TBQebWrGXQHFmkrEyeedok2/IpTthlJopPSbUoc1hAKoK6UeFRCZw==",
      "dev": true
    },
    "form-parser": {
      "version": "git+ssh://git@github.com/pczero91/form-parser.git#0f8dbb5d9a9fb1178c73d67a919e8fe25746f4e9",
      "from": "form-parser@git+ssh://git@github.com:pczero91/form-parser.git"
    }
  }
}
